
Microsoft Visual Studio Solution File, Format Version 12.00
# Visual Studio Version 16
VisualStudioVersion = 16.0.29806.167
MinimumVisualStudioVersion = 10.0.40219.1
Project("{FAE04EC0-301F-11D3-BF4B-00C04F79EFBC}") = "CactusEngine.Forms", "CactusEngine.Forms\CactusEngine.Forms.csproj", "{767F87F1-48AF-4C86-941F-4AEB44A6A07F}"
EndProject
Project("{FAE04EC0-301F-11D3-BF4B-00C04F79EFBC}") = "GameSample", "GameSample\GameSample.csproj", "{29FC189A-59AB-4142-B3B0-A153D99ACB82}"
EndProject
Project("{9A19103F-16F7-4668-BE54-9A1E7A4F7556}") = "CactusEngine.Rendering", "CactusEngine.Rendering\CactusEngine.Rendering.csproj", "{F94D04A5-12A9-433A-BF32-FB5C4282C899}"
EndProject
Project("{9A19103F-16F7-4668-BE54-9A1E7A4F7556}") = "CactusEngine.Core", "CactusEngine.Core\CactusEngine.Core.csproj", "{894253AA-B42B-4C44-917B-852F89879B04}"
EndProject
Project("{FAE04EC0-301F-11D3-BF4B-00C04F79EFBC}") = "Sample", "Sample\Sample.csproj", "{FC889EA5-46F8-402A-AFC3-A5639DC81744}"
EndProject
Global
	GlobalSection(SolutionConfigurationPlatforms) = preSolution
		Debug|Any CPU = Debug|Any CPU
		Release|Any CPU = Release|Any CPU
	EndGlobalSection
	GlobalSection(ProjectConfigurationPlatforms) = postSolution
		{767F87F1-48AF-4C86-941F-4AEB44A6A07F}.Debug|Any CPU.ActiveCfg = Debug|Any CPU
		{767F87F1-48AF-4C86-941F-4AEB44A6A07F}.Debug|Any CPU.Build.0 = Debug|Any CPU
		{767F87F1-48AF-4C86-941F-4AEB44A6A07F}.Release|Any CPU.ActiveCfg = Release|Any CPU
		{767F87F1-48AF-4C86-941F-4AEB44A6A07F}.Release|Any CPU.Build.0 = Release|Any CPU
		{29FC189A-59AB-4142-B3B0-A153D99ACB82}.Debug|Any CPU.ActiveCfg = Debug|Any CPU
		{29FC189A-59AB-4142-B3B0-A153D99ACB82}.Debug|Any CPU.Build.0 = Debug|Any CPU
		{29FC189A-59AB-4142-B3B0-A153D99ACB82}.Release|Any CPU.ActiveCfg = Release|Any CPU
		{29FC189A-59AB-4142-B3B0-A153D99ACB82}.Release|Any CPU.Build.0 = Release|Any CPU
		{F94D04A5-12A9-433A-BF32-FB5C4282C899}.Debug|Any CPU.ActiveCfg = Debug|Any CPU
		{F94D04A5-12A9-433A-BF32-FB5C4282C899}.Debug|Any CPU.Build.0 = Debug|Any CPU
		{F94D04A5-12A9-433A-BF32-FB5C4282C899}.Release|Any CPU.ActiveCfg = Release|Any CPU
		{F94D04A5-12A9-433A-BF32-FB5C4282C899}.Release|Any CPU.Build.0 = Release|Any CPU
		{894253AA-B42B-4C44-917B-852F89879B04}.Debug|Any CPU.ActiveCfg = Debug|Any CPU
		{894253AA-B42B-4C44-917B-852F89879B04}.Debug|Any CPU.Build.0 = Debug|Any CPU
		{894253AA-B42B-4C44-917B-852F89879B04}.Release|Any CPU.ActiveCfg = Release|Any CPU
		{894253AA-B42B-4C44-917B-852F89879B04}.Release|Any CPU.Build.0 = Release|Any CPU
		{FC889EA5-46F8-402A-AFC3-A5639DC81744}.Debug|Any CPU.ActiveCfg = Debug|Any CPU
		{FC889EA5-46F8-402A-AFC3-A5639DC81744}.Debug|Any CPU.Build.0 = Debug|Any CPU
		{FC889EA5-46F8-402A-AFC3-A5639DC81744}.Release|Any CPU.ActiveCfg = Release|Any CPU
		{FC889EA5-46F8-402A-AFC3-A5639DC81744}.Release|Any CPU.Build.0 = Release|Any CPU
	EndGlobalSection
	GlobalSection(SolutionProperties) = preSolution
		HideSolutionNode = FALSE
	EndGlobalSection
	GlobalSection(ExtensibilityGlobals) = postSolution
		SolutionGuid = {74D734A6-2747-4A9B-87AA-3561C914C4F4}
	EndGlobalSection
EndGlobal
